
Microsoft Visual Studio Solution File, Format Version 12.00
# Visual Studio Version 16
VisualStudioVersion = 16.0.31025.194
MinimumVisualStudioVersion = 10.0.40219.1
Project("{FAE04EC0-301F-11D3-BF4B-00C04F79EFBC}") = "Bacchus", "Bacchus.csproj", "{0B5B50B9-41C8-42AA-85DA-8D6197345369}"
EndProject
Global
	GlobalSection(SolutionConfigurationPlatforms) = preSolution
		Debug|Any CPU = Debug|Any CPU
		Release|Any CPU = Release|Any CPU
	EndGlobalSection
	GlobalSection(ProjectConfigurationPlatforms) = postSolution
		{0B5B50B9-41C8-42AA-85DA-8D6197345369}.Debug|Any CPU.ActiveCfg = Debug|Any CPU
		{0B5B50B9-41C8-42AA-85DA-8D6197345369}.Debug|Any CPU.Build.0 = Debug|Any CPU
		{0B5B50B9-41C8-42AA-85DA-8D6197345369}.Release|Any CPU.ActiveCfg = Release|Any CPU
		{0B5B50B9-41C8-42AA-85DA-8D6197345369}.Release|Any CPU.Build.0 = Release|Any CPU
	EndGlobalSection
	GlobalSection(SolutionProperties) = preSolution
		HideSolutionNode = FALSE
	EndGlobalSection
	GlobalSection(ExtensibilityGlobals) = postSolution
		SolutionGuid = {1C8BE200-EE8E-48FF-90CC-7E14035A7E9E}
	EndGlobalSection
EndGlobal
